
Microsoft Visual Studio Solution File, Format Version 12.00
# Visual Studio Version 17
VisualStudioVersion = 17.0.31903.59
MinimumVisualStudioVersion = 10.0.40219.1
Project("{2150E333-8FDC-42A3-9474-1A3956D46DE8}") = "Common", "Common", "{5B41FB80-B5A6-49AC-A185-F5A7EE6CB52C}"
EndProject
Project("{F2A71F9B-5D33-465A-A702-920D77279786}") = "BaseWriters.Tests", "Common\BaseWriters.Tests\BaseWriters.Tests.fsproj", "{22CA7D83-A69D-469C-BD14-E69DEBA25063}"
EndProject
Project("{F2A71F9B-5D33-465A-A702-920D77279786}") = "BaseWriters", "Common\BaseWriters\BaseWriters.fsproj", "{E7EE0627-31FA-4A33-BF61-7C6FEF94DD1C}"
EndProject
Project("{FAE04EC0-301F-11D3-BF4B-00C04F79EFBC}") = "ByteReaders", "Common\ByteReaders\ByteReaders.csproj", "{04923EB1-43A9-451C-85BD-C156A1574655}"
EndProject
Project("{F2A71F9B-5D33-465A-A702-920D77279786}") = "Decoders", "Common\Decoders\Decoders.fsproj", "{3EA33962-2D8B-4D5A-A3C8-6AD40E7976F6}"
EndProject
Project("{F2A71F9B-5D33-465A-A702-920D77279786}") = "Io.Tests", "Common\Io.Tests\Io.Tests.fsproj", "{414613FD-654B-45AA-8B0F-9F7DEEE16740}"
EndProject
Project("{F2A71F9B-5D33-465A-A702-920D77279786}") = "Io", "Common\Io\Io.fsproj", "{7066A1D9-DCA9-44C4-B433-B077144F8D68}"
EndProject
Project("{F2A71F9B-5D33-465A-A702-920D77279786}") = "Parsers", "Common\Parsers\Parsers.fsproj", "{95457B45-8249-46EA-850E-1ECD9BC55473}"
EndProject
Project("{2150E333-8FDC-42A3-9474-1A3956D46DE8}") = "Security", "Security", "{59DA30CF-3537-4B36-8A66-86F65B9C632A}"
EndProject
Project("{F2A71F9B-5D33-465A-A702-920D77279786}") = "Cryptography", "Common\Security\Cryptography\Cryptography.fsproj", "{A45CED1C-2144-4B0A-81CA-32FB517CFDFB}"
EndProject
Project("{F2A71F9B-5D33-465A-A702-920D77279786}") = "Utility", "Common\Utility\Utility.fsproj", "{2AF259DB-01C5-403C-8271-F15B63C18D45}"
EndProject
Project("{F2A71F9B-5D33-465A-A702-920D77279786}") = "Validators", "Common\Validators\Validators.fsproj", "{37290E44-2FF8-4300-B89D-45AA30EB3F56}"
EndProject
Project("{2150E333-8FDC-42A3-9474-1A3956D46DE8}") = "Dlms", "Dlms", "{BF7119C5-7D64-404C-B3AA-AF6A960B9AB5}"
EndProject
Project("{F2A71F9B-5D33-465A-A702-920D77279786}") = "Protocol", "Dlms\Protocol\Protocol.fsproj", "{683DD57C-B64C-40C9-8581-9D4FF66B00AB}"
EndProject
Project("{F2A71F9B-5D33-465A-A702-920D77279786}") = "Server", "Dlms\Server\Server.fsproj", "{D9DA1C85-D0E3-4F0C-944B-B5D3EB4B5A18}"
EndProject
Project("{2150E333-8FDC-42A3-9474-1A3956D46DE8}") = "Mbus", "Mbus", "{9D711199-2D5B-4061-B872-BC0AF823B920}"
EndProject
Project("{F2A71F9B-5D33-465A-A702-920D77279786}") = "Devices.Tests", "Mbus\Devices.Tests\Devices.Tests.fsproj", "{B6E8AB47-3AA7-48E9-BA4F-CEE8B070ABA5}"
EndProject
Project("{F2A71F9B-5D33-465A-A702-920D77279786}") = "Devices", "Mbus\Devices\Devices.fsproj", "{088D7011-6528-44B7-9C09-DC69F48AE487}"
EndProject
Project("{FAE04EC0-301F-11D3-BF4B-00C04F79EFBC}") = "MbusDevices.Tests", "Mbus\MbusDevices.Tests\MbusDevices.Tests.csproj", "{BFC8C668-E7BC-42EF-A0CF-5535C2FDD725}"
EndProject
Project("{FAE04EC0-301F-11D3-BF4B-00C04F79EFBC}") = "MbusDevices", "Mbus\MbusDevices\MbusDevices.csproj", "{5C0BB734-0FEE-4C9C-8312-14551A319202}"
EndProject
Project("{F2A71F9B-5D33-465A-A702-920D77279786}") = "Protocol", "Mbus\Protocol\Protocol.fsproj", "{F69ED6AE-16DB-43AB-B779-F1332CADEF09}"
EndProject
Project("{F2A71F9B-5D33-465A-A702-920D77279786}") = "PublicTypes", "Mbus\PublicTypes\PublicTypes.fsproj", "{8EC2B660-6BA4-4AB3-B4EE-7F3C08419F9B}"
EndProject
Project("{F2A71F9B-5D33-465A-A702-920D77279786}") = "Parsers.Tests", "Common\Parsers.Tests\Parsers.Tests.fsproj", "{19A53FCB-3D02-41C6-9055-ED30563F2487}"
EndProject
Project("{F2A71F9B-5D33-465A-A702-920D77279786}") = "Protocol.Tests", "Mbus\Protocol.Tests\Protocol.Tests.fsproj", "{AB683B36-9AAB-40C4-B738-E97B67CDD23C}"
EndProject
Global
	GlobalSection(SolutionConfigurationPlatforms) = preSolution
		Debug|Any CPU = Debug|Any CPU
		Release|Any CPU = Release|Any CPU
	EndGlobalSection
	GlobalSection(SolutionProperties) = preSolution
		HideSolutionNode = FALSE
	EndGlobalSection
	GlobalSection(ProjectConfigurationPlatforms) = postSolution
		{22CA7D83-A69D-469C-BD14-E69DEBA25063}.Debug|Any CPU.ActiveCfg = Debug|Any CPU
		{22CA7D83-A69D-469C-BD14-E69DEBA25063}.Debug|Any CPU.Build.0 = Debug|Any CPU
		{22CA7D83-A69D-469C-BD14-E69DEBA25063}.Release|Any CPU.ActiveCfg = Release|Any CPU
		{22CA7D83-A69D-469C-BD14-E69DEBA25063}.Release|Any CPU.Build.0 = Release|Any CPU
		{E7EE0627-31FA-4A33-BF61-7C6FEF94DD1C}.Debug|Any CPU.ActiveCfg = Debug|Any CPU
		{E7EE0627-31FA-4A33-BF61-7C6FEF94DD1C}.Debug|Any CPU.Build.0 = Debug|Any CPU
		{E7EE0627-31FA-4A33-BF61-7C6FEF94DD1C}.Release|Any CPU.ActiveCfg = Release|Any CPU
		{E7EE0627-31FA-4A33-BF61-7C6FEF94DD1C}.Release|Any CPU.Build.0 = Release|Any CPU
		{04923EB1-43A9-451C-85BD-C156A1574655}.Debug|Any CPU.ActiveCfg = Debug|Any CPU
		{04923EB1-43A9-451C-85BD-C156A1574655}.Debug|Any CPU.Build.0 = Debug|Any CPU
		{04923EB1-43A9-451C-85BD-C156A1574655}.Release|Any CPU.ActiveCfg = Release|Any CPU
		{04923EB1-43A9-451C-85BD-C156A1574655}.Release|Any CPU.Build.0 = Release|Any CPU
		{3EA33962-2D8B-4D5A-A3C8-6AD40E7976F6}.Debug|Any CPU.ActiveCfg = Debug|Any CPU
		{3EA33962-2D8B-4D5A-A3C8-6AD40E7976F6}.Debug|Any CPU.Build.0 = Debug|Any CPU
		{3EA33962-2D8B-4D5A-A3C8-6AD40E7976F6}.Release|Any CPU.ActiveCfg = Release|Any CPU
		{3EA33962-2D8B-4D5A-A3C8-6AD40E7976F6}.Release|Any CPU.Build.0 = Release|Any CPU
		{414613FD-654B-45AA-8B0F-9F7DEEE16740}.Debug|Any CPU.ActiveCfg = Debug|Any CPU
		{414613FD-654B-45AA-8B0F-9F7DEEE16740}.Debug|Any CPU.Build.0 = Debug|Any CPU
		{414613FD-654B-45AA-8B0F-9F7DEEE16740}.Release|Any CPU.ActiveCfg = Release|Any CPU
		{414613FD-654B-45AA-8B0F-9F7DEEE16740}.Release|Any CPU.Build.0 = Release|Any CPU
		{7066A1D9-DCA9-44C4-B433-B077144F8D68}.Debug|Any CPU.ActiveCfg = Debug|Any CPU
		{7066A1D9-DCA9-44C4-B433-B077144F8D68}.Debug|Any CPU.Build.0 = Debug|Any CPU
		{7066A1D9-DCA9-44C4-B433-B077144F8D68}.Release|Any CPU.ActiveCfg = Release|Any CPU
		{7066A1D9-DCA9-44C4-B433-B077144F8D68}.Release|Any CPU.Build.0 = Release|Any CPU
		{95457B45-8249-46EA-850E-1ECD9BC55473}.Debug|Any CPU.ActiveCfg = Debug|Any CPU
		{95457B45-8249-46EA-850E-1ECD9BC55473}.Debug|Any CPU.Build.0 = Debug|Any CPU
		{95457B45-8249-46EA-850E-1ECD9BC55473}.Release|Any CPU.ActiveCfg = Release|Any CPU
		{95457B45-8249-46EA-850E-1ECD9BC55473}.Release|Any CPU.Build.0 = Release|Any CPU
		{A45CED1C-2144-4B0A-81CA-32FB517CFDFB}.Debug|Any CPU.ActiveCfg = Debug|Any CPU
		{A45CED1C-2144-4B0A-81CA-32FB517CFDFB}.Debug|Any CPU.Build.0 = Debug|Any CPU
		{A45CED1C-2144-4B0A-81CA-32FB517CFDFB}.Release|Any CPU.ActiveCfg = Release|Any CPU
		{A45CED1C-2144-4B0A-81CA-32FB517CFDFB}.Release|Any CPU.Build.0 = Release|Any CPU
		{2AF259DB-01C5-403C-8271-F15B63C18D45}.Debug|Any CPU.ActiveCfg = Debug|Any CPU
		{2AF259DB-01C5-403C-8271-F15B63C18D45}.Debug|Any CPU.Build.0 = Debug|Any CPU
		{2AF259DB-01C5-403C-8271-F15B63C18D45}.Release|Any CPU.ActiveCfg = Release|Any CPU
		{2AF259DB-01C5-403C-8271-F15B63C18D45}.Release|Any CPU.Build.0 = Release|Any CPU
		{37290E44-2FF8-4300-B89D-45AA30EB3F56}.Debug|Any CPU.ActiveCfg = Debug|Any CPU
		{37290E44-2FF8-4300-B89D-45AA30EB3F56}.Debug|Any CPU.Build.0 = Debug|Any CPU
		{37290E44-2FF8-4300-B89D-45AA30EB3F56}.Release|Any CPU.ActiveCfg = Release|Any CPU
		{37290E44-2FF8-4300-B89D-45AA30EB3F56}.Release|Any CPU.Build.0 = Release|Any CPU
		{683DD57C-B64C-40C9-8581-9D4FF66B00AB}.Debug|Any CPU.ActiveCfg = Debug|Any CPU
		{683DD57C-B64C-40C9-8581-9D4FF66B00AB}.Debug|Any CPU.Build.0 = Debug|Any CPU
		{683DD57C-B64C-40C9-8581-9D4FF66B00AB}.Release|Any CPU.ActiveCfg = Release|Any CPU
		{683DD57C-B64C-40C9-8581-9D4FF66B00AB}.Release|Any CPU.Build.0 = Release|Any CPU
		{D9DA1C85-D0E3-4F0C-944B-B5D3EB4B5A18}.Debug|Any CPU.ActiveCfg = Debug|Any CPU
		{D9DA1C85-D0E3-4F0C-944B-B5D3EB4B5A18}.Debug|Any CPU.Build.0 = Debug|Any CPU
		{D9DA1C85-D0E3-4F0C-944B-B5D3EB4B5A18}.Release|Any CPU.ActiveCfg = Release|Any CPU
		{D9DA1C85-D0E3-4F0C-944B-B5D3EB4B5A18}.Release|Any CPU.Build.0 = Release|Any CPU
		{B6E8AB47-3AA7-48E9-BA4F-CEE8B070ABA5}.Debug|Any CPU.ActiveCfg = Debug|Any CPU
		{B6E8AB47-3AA7-48E9-BA4F-CEE8B070ABA5}.Debug|Any CPU.Build.0 = Debug|Any CPU
		{B6E8AB47-3AA7-48E9-BA4F-CEE8B070ABA5}.Release|Any CPU.ActiveCfg = Release|Any CPU
		{B6E8AB47-3AA7-48E9-BA4F-CEE8B070ABA5}.Release|Any CPU.Build.0 = Release|Any CPU
		{088D7011-6528-44B7-9C09-DC69F48AE487}.Debug|Any CPU.ActiveCfg = Debug|Any CPU
		{088D7011-6528-44B7-9C09-DC69F48AE487}.Debug|Any CPU.Build.0 = Debug|Any CPU
		{088D7011-6528-44B7-9C09-DC69F48AE487}.Release|Any CPU.ActiveCfg = Release|Any CPU
		{088D7011-6528-44B7-9C09-DC69F48AE487}.Release|Any CPU.Build.0 = Release|Any CPU
		{BFC8C668-E7BC-42EF-A0CF-5535C2FDD725}.Debug|Any CPU.ActiveCfg = Debug|Any CPU
		{BFC8C668-E7BC-42EF-A0CF-5535C2FDD725}.Debug|Any CPU.Build.0 = Debug|Any CPU
		{BFC8C668-E7BC-42EF-A0CF-5535C2FDD725}.Release|Any CPU.ActiveCfg = Release|Any CPU
		{BFC8C668-E7BC-42EF-A0CF-5535C2FDD725}.Release|Any CPU.Build.0 = Release|Any CPU
		{5C0BB734-0FEE-4C9C-8312-14551A319202}.Debug|Any CPU.ActiveCfg = Debug|Any CPU
		{5C0BB734-0FEE-4C9C-8312-14551A319202}.Debug|Any CPU.Build.0 = Debug|Any CPU
		{5C0BB734-0FEE-4C9C-8312-14551A319202}.Release|Any CPU.ActiveCfg = Release|Any CPU
		{5C0BB734-0FEE-4C9C-8312-14551A319202}.Release|Any CPU.Build.0 = Release|Any CPU
		{F69ED6AE-16DB-43AB-B779-F1332CADEF09}.Debug|Any CPU.ActiveCfg = Debug|Any CPU
		{F69ED6AE-16DB-43AB-B779-F1332CADEF09}.Debug|Any CPU.Build.0 = Debug|Any CPU
		{F69ED6AE-16DB-43AB-B779-F1332CADEF09}.Release|Any CPU.ActiveCfg = Release|Any CPU
		{F69ED6AE-16DB-43AB-B779-F1332CADEF09}.Release|Any CPU.Build.0 = Release|Any CPU
		{8EC2B660-6BA4-4AB3-B4EE-7F3C08419F9B}.Debug|Any CPU.ActiveCfg = Debug|Any CPU
		{8EC2B660-6BA4-4AB3-B4EE-7F3C08419F9B}.Debug|Any CPU.Build.0 = Debug|Any CPU
		{8EC2B660-6BA4-4AB3-B4EE-7F3C08419F9B}.Release|Any CPU.ActiveCfg = Release|Any CPU
		{8EC2B660-6BA4-4AB3-B4EE-7F3C08419F9B}.Release|Any CPU.Build.0 = Release|Any CPU
		{19A53FCB-3D02-41C6-9055-ED30563F2487}.Debug|Any CPU.ActiveCfg = Debug|Any CPU
		{19A53FCB-3D02-41C6-9055-ED30563F2487}.Debug|Any CPU.Build.0 = Debug|Any CPU
		{19A53FCB-3D02-41C6-9055-ED30563F2487}.Release|Any CPU.ActiveCfg = Release|Any CPU
		{19A53FCB-3D02-41C6-9055-ED30563F2487}.Release|Any CPU.Build.0 = Release|Any CPU
		{AB683B36-9AAB-40C4-B738-E97B67CDD23C}.Debug|Any CPU.ActiveCfg = Debug|Any CPU
		{AB683B36-9AAB-40C4-B738-E97B67CDD23C}.Debug|Any CPU.Build.0 = Debug|Any CPU
		{AB683B36-9AAB-40C4-B738-E97B67CDD23C}.Release|Any CPU.ActiveCfg = Release|Any CPU
		{AB683B36-9AAB-40C4-B738-E97B67CDD23C}.Release|Any CPU.Build.0 = Release|Any CPU
	EndGlobalSection
	GlobalSection(NestedProjects) = preSolution
		{22CA7D83-A69D-469C-BD14-E69DEBA25063} = {5B41FB80-B5A6-49AC-A185-F5A7EE6CB52C}
		{E7EE0627-31FA-4A33-BF61-7C6FEF94DD1C} = {5B41FB80-B5A6-49AC-A185-F5A7EE6CB52C}
		{04923EB1-43A9-451C-85BD-C156A1574655} = {5B41FB80-B5A6-49AC-A185-F5A7EE6CB52C}
		{3EA33962-2D8B-4D5A-A3C8-6AD40E7976F6} = {5B41FB80-B5A6-49AC-A185-F5A7EE6CB52C}
		{414613FD-654B-45AA-8B0F-9F7DEEE16740} = {5B41FB80-B5A6-49AC-A185-F5A7EE6CB52C}
		{7066A1D9-DCA9-44C4-B433-B077144F8D68} = {5B41FB80-B5A6-49AC-A185-F5A7EE6CB52C}
		{95457B45-8249-46EA-850E-1ECD9BC55473} = {5B41FB80-B5A6-49AC-A185-F5A7EE6CB52C}
		{59DA30CF-3537-4B36-8A66-86F65B9C632A} = {5B41FB80-B5A6-49AC-A185-F5A7EE6CB52C}
		{A45CED1C-2144-4B0A-81CA-32FB517CFDFB} = {59DA30CF-3537-4B36-8A66-86F65B9C632A}
		{2AF259DB-01C5-403C-8271-F15B63C18D45} = {5B41FB80-B5A6-49AC-A185-F5A7EE6CB52C}
		{37290E44-2FF8-4300-B89D-45AA30EB3F56} = {5B41FB80-B5A6-49AC-A185-F5A7EE6CB52C}
		{683DD57C-B64C-40C9-8581-9D4FF66B00AB} = {BF7119C5-7D64-404C-B3AA-AF6A960B9AB5}
		{D9DA1C85-D0E3-4F0C-944B-B5D3EB4B5A18} = {BF7119C5-7D64-404C-B3AA-AF6A960B9AB5}
		{B6E8AB47-3AA7-48E9-BA4F-CEE8B070ABA5} = {9D711199-2D5B-4061-B872-BC0AF823B920}
		{088D7011-6528-44B7-9C09-DC69F48AE487} = {9D711199-2D5B-4061-B872-BC0AF823B920}
		{BFC8C668-E7BC-42EF-A0CF-5535C2FDD725} = {9D711199-2D5B-4061-B872-BC0AF823B920}
		{5C0BB734-0FEE-4C9C-8312-14551A319202} = {9D711199-2D5B-4061-B872-BC0AF823B920}
		{F69ED6AE-16DB-43AB-B779-F1332CADEF09} = {9D711199-2D5B-4061-B872-BC0AF823B920}
		{8EC2B660-6BA4-4AB3-B4EE-7F3C08419F9B} = {9D711199-2D5B-4061-B872-BC0AF823B920}
		{19A53FCB-3D02-41C6-9055-ED30563F2487} = {5B41FB80-B5A6-49AC-A185-F5A7EE6CB52C}
		{AB683B36-9AAB-40C4-B738-E97B67CDD23C} = {9D711199-2D5B-4061-B872-BC0AF823B920}
	EndGlobalSection
EndGlobal
