
Microsoft Visual Studio Solution File, Format Version 12.00
#
Project("{F2A71F9B-5D33-465A-A702-920D77279786}") = "BaseParsers.Tests", "BaseParsers.Tests\BaseParsers.Tests.fsproj", "{C951900F-0AAB-49FB-8E91-1B85EE04E2C1}"
EndProject
Project("{F2A71F9B-5D33-465A-A702-920D77279786}") = "Records", "Records\Records.fsproj", "{F40033A1-68A0-479E-A79E-1F5544B5C708}"
EndProject
Project("{F2A71F9B-5D33-465A-A702-920D77279786}") = "Frames", "Frames\Frames.fsproj", "{0D8C6D3B-C70E-416A-A598-34C5453A31A5}"
EndProject
Project("{F2A71F9B-5D33-465A-A702-920D77279786}") = "Frames.Tests", "Frames.Tests\Frames.Tests.fsproj", "{E33FE3AC-AAFB-4E1D-BE69-22433F9E3F82}"
EndProject
Project("{F2A71F9B-5D33-465A-A702-920D77279786}") = "Records.Tests", "Records.Tests\Records.Tests.fsproj", "{540E1754-B1F7-44AA-80BB-0DDF24FC3E4B}"
EndProject
Project("{F2A71F9B-5D33-465A-A702-920D77279786}") = "PublicTypes", "PublicTypes\PublicTypes.fsproj", "{069B9597-2FA4-49B4-9234-09F8F893CE55}"
EndProject
Project("{F2A71F9B-5D33-465A-A702-920D77279786}") = "Messages", "Messages\Messages.fsproj", "{2253CAE8-F995-4CA8-9592-0E67B1E3CEBB}"
EndProject
Project("{F2A71F9B-5D33-465A-A702-920D77279786}") = "BaseWriters", "BaseWriters\BaseWriters.fsproj", "{9294F8A8-363F-4F39-B024-905BF1A420C8}"
EndProject
Project("{F2A71F9B-5D33-465A-A702-920D77279786}") = "BaseWriters.Tests", "BaseWriters.Tests\BaseWriters.Tests.fsproj", "{E3487FD5-6C2B-4342-B78C-599FDA12D7C3}"
EndProject
Project("{F2A71F9B-5D33-465A-A702-920D77279786}") = "Io", "Io\Io.fsproj", "{70F142CD-37EC-409A-B2D9-38CA4ADA5B41}"
EndProject
Project("{F2A71F9B-5D33-465A-A702-920D77279786}") = "Io.Tests", "Io.Tests\Io.Tests.fsproj", "{4D9C6AC2-E38E-4AEA-A2F3-EADB61FE6326}"
EndProject
Project("{F2A71F9B-5D33-465A-A702-920D77279786}") = "Devices", "Devices\Devices.fsproj", "{C2C6A219-925A-4F5D-B23C-C3800A14FDB0}"
EndProject
Project("{FAE04EC0-301F-11D3-BF4B-00C04F79EFBC}") = "MbusDevices", "MbusDevices\MbusDevices.csproj", "{41B4974D-2E8B-47CC-81EF-1C1AD6E1BA02}"
EndProject
Project("{F2A71F9B-5D33-465A-A702-920D77279786}") = "Devices.Tests", "Devices.Tests\Devices.Tests.fsproj", "{B8F4ADE1-BF1F-4A08-A638-AFAA6EB9FFD7}"
EndProject
Project("{FAE04EC0-301F-11D3-BF4B-00C04F79EFBC}") = "MbusDevices.Tests", "MbusDevices.Tests\MbusDevices.Tests.csproj", "{D216A123-7232-4710-9FBC-599BEC22EEE9}"
EndProject
Project("{F2A71F9B-5D33-465A-A702-920D77279786}") = "Messages.Tests", "Messages.Tests\Messages.Tests.fsproj", "{BA2A457C-605C-497C-8963-6FA6B5156F79}"
EndProject
Project("{2150E333-8FDC-42A3-9474-1A3956D46DE8}") = "Dlms", "Dlms", "{9BC498AD-DF5B-4A3F-B616-09C705714982}"
EndProject
Project("{2150E333-8FDC-42A3-9474-1A3956D46DE8}") = "Mbus", "Mbus", "{4173EB77-7984-4BCD-9072-B0DF59BFED1D}"
EndProject
Project("{2150E333-8FDC-42A3-9474-1A3956D46DE8}") = "Common", "Common", "{4E5E0C03-9283-4985-A1D1-5A340070F9FA}"
EndProject
Project("{F2A71F9B-5D33-465A-A702-920D77279786}") = "Protocol", "Protocol\Protocol.fsproj", "{308C13B8-7523-459D-BF66-E0D0E4973027}"
EndProject
Project("{F2A71F9B-5D33-465A-A702-920D77279786}") = "Server", "Server\Server.fsproj", "{835FEFB1-AEE3-42A9-A978-8528A58DEC4C}"
EndProject
Project("{2150E333-8FDC-42A3-9474-1A3956D46DE8}") = "Decoding", "Decoding", "{E3EDB437-E4D9-4C3A-92D1-3C9486FC5A75}"
EndProject
Project("{F2A71F9B-5D33-465A-A702-920D77279786}") = "Parsers", "Common\Parsers\Parsers.fsproj", "{BCE49B5F-C320-46BC-9FA3-1721E9DD6CA7}"
EndProject
Project("{FAE04EC0-301F-11D3-BF4B-00C04F79EFBC}") = "ByteReaders", "Common\ByteReaders\ByteReaders.csproj", "{52F0950C-9C29-4989-BE3B-F5AD7F30A0C8}"
EndProject
Project("{F2A71F9B-5D33-465A-A702-920D77279786}") = "Validators", "Common\Validators\Validators.fsproj", "{EA1548C8-CB15-4919-9E9A-329F06941161}"
EndProject
Project("{F2A71F9B-5D33-465A-A702-920D77279786}") = "Decoders", "Common\Decoders\Decoders.fsproj", "{0580AE5E-A720-486F-926E-7197E586488D}"
EndProject
Project("{2150E333-8FDC-42A3-9474-1A3956D46DE8}") = "Security", "Security", "{2C801F8B-0A89-4AFD-9151-42D961E5B5DA}"
EndProject
Project("{F2A71F9B-5D33-465A-A702-920D77279786}") = "Cryptography", "Common\Security\Cryptography\Cryptography.fsproj", "{42F731FD-9BCA-4449-9B78-018E82F53CF5}"
EndProject
Project("{F2A71F9B-5D33-465A-A702-920D77279786}") = "Utility", "Common\Utility\Utility.fsproj", "{E7D3CD09-BABB-4670-A5A7-393714D0FDF1}"
EndProject
Project("{F2A71F9B-5D33-465A-A702-920D77279786}") = "Protocol", "Mbus\Protocol\Protocol.fsproj", "{37A87F0D-1C3D-41EE-81FF-10C29B48C0D3}"
EndProject
Global
	GlobalSection(SolutionConfigurationPlatforms) = preSolution
		Debug|Any CPU = Debug|Any CPU
		Release|Any CPU = Release|Any CPU
	EndGlobalSection
	GlobalSection(ProjectConfigurationPlatforms) = postSolution
		{C951900F-0AAB-49FB-8E91-1B85EE04E2C1}.Debug|Any CPU.ActiveCfg = Debug|Any CPU
		{C951900F-0AAB-49FB-8E91-1B85EE04E2C1}.Debug|Any CPU.Build.0 = Debug|Any CPU
		{C951900F-0AAB-49FB-8E91-1B85EE04E2C1}.Release|Any CPU.ActiveCfg = Release|Any CPU
		{C951900F-0AAB-49FB-8E91-1B85EE04E2C1}.Release|Any CPU.Build.0 = Release|Any CPU
		{0D8C6D3B-C70E-416A-A598-34C5453A31A5}.Debug|Any CPU.ActiveCfg = Debug|Any CPU
		{0D8C6D3B-C70E-416A-A598-34C5453A31A5}.Debug|Any CPU.Build.0 = Debug|Any CPU
		{0D8C6D3B-C70E-416A-A598-34C5453A31A5}.Release|Any CPU.ActiveCfg = Release|Any CPU
		{0D8C6D3B-C70E-416A-A598-34C5453A31A5}.Release|Any CPU.Build.0 = Release|Any CPU
		{E33FE3AC-AAFB-4E1D-BE69-22433F9E3F82}.Debug|Any CPU.ActiveCfg = Debug|Any CPU
		{E33FE3AC-AAFB-4E1D-BE69-22433F9E3F82}.Debug|Any CPU.Build.0 = Debug|Any CPU
		{E33FE3AC-AAFB-4E1D-BE69-22433F9E3F82}.Release|Any CPU.ActiveCfg = Release|Any CPU
		{E33FE3AC-AAFB-4E1D-BE69-22433F9E3F82}.Release|Any CPU.Build.0 = Release|Any CPU
		{F40033A1-68A0-479E-A79E-1F5544B5C708}.Debug|Any CPU.ActiveCfg = Debug|Any CPU
		{F40033A1-68A0-479E-A79E-1F5544B5C708}.Debug|Any CPU.Build.0 = Debug|Any CPU
		{F40033A1-68A0-479E-A79E-1F5544B5C708}.Release|Any CPU.ActiveCfg = Release|Any CPU
		{F40033A1-68A0-479E-A79E-1F5544B5C708}.Release|Any CPU.Build.0 = Release|Any CPU
		{540E1754-B1F7-44AA-80BB-0DDF24FC3E4B}.Debug|Any CPU.ActiveCfg = Debug|Any CPU
		{540E1754-B1F7-44AA-80BB-0DDF24FC3E4B}.Debug|Any CPU.Build.0 = Debug|Any CPU
		{540E1754-B1F7-44AA-80BB-0DDF24FC3E4B}.Release|Any CPU.ActiveCfg = Release|Any CPU
		{540E1754-B1F7-44AA-80BB-0DDF24FC3E4B}.Release|Any CPU.Build.0 = Release|Any CPU
		{069B9597-2FA4-49B4-9234-09F8F893CE55}.Debug|Any CPU.ActiveCfg = Debug|Any CPU
		{069B9597-2FA4-49B4-9234-09F8F893CE55}.Debug|Any CPU.Build.0 = Debug|Any CPU
		{069B9597-2FA4-49B4-9234-09F8F893CE55}.Release|Any CPU.ActiveCfg = Release|Any CPU
		{069B9597-2FA4-49B4-9234-09F8F893CE55}.Release|Any CPU.Build.0 = Release|Any CPU
		{F1729A85-9544-4681-B00A-9D73A1C1FFF6}.Debug|Any CPU.ActiveCfg = Debug|Any CPU
		{F1729A85-9544-4681-B00A-9D73A1C1FFF6}.Debug|Any CPU.Build.0 = Debug|Any CPU
		{F1729A85-9544-4681-B00A-9D73A1C1FFF6}.Release|Any CPU.ActiveCfg = Release|Any CPU
		{F1729A85-9544-4681-B00A-9D73A1C1FFF6}.Release|Any CPU.Build.0 = Release|Any CPU
		{2253CAE8-F995-4CA8-9592-0E67B1E3CEBB}.Debug|Any CPU.ActiveCfg = Debug|Any CPU
		{2253CAE8-F995-4CA8-9592-0E67B1E3CEBB}.Debug|Any CPU.Build.0 = Debug|Any CPU
		{2253CAE8-F995-4CA8-9592-0E67B1E3CEBB}.Release|Any CPU.ActiveCfg = Release|Any CPU
		{2253CAE8-F995-4CA8-9592-0E67B1E3CEBB}.Release|Any CPU.Build.0 = Release|Any CPU
		{9294F8A8-363F-4F39-B024-905BF1A420C8}.Debug|Any CPU.ActiveCfg = Debug|Any CPU
		{9294F8A8-363F-4F39-B024-905BF1A420C8}.Debug|Any CPU.Build.0 = Debug|Any CPU
		{9294F8A8-363F-4F39-B024-905BF1A420C8}.Release|Any CPU.ActiveCfg = Release|Any CPU
		{9294F8A8-363F-4F39-B024-905BF1A420C8}.Release|Any CPU.Build.0 = Release|Any CPU
		{E3487FD5-6C2B-4342-B78C-599FDA12D7C3}.Debug|Any CPU.ActiveCfg = Debug|Any CPU
		{E3487FD5-6C2B-4342-B78C-599FDA12D7C3}.Debug|Any CPU.Build.0 = Debug|Any CPU
		{E3487FD5-6C2B-4342-B78C-599FDA12D7C3}.Release|Any CPU.ActiveCfg = Release|Any CPU
		{E3487FD5-6C2B-4342-B78C-599FDA12D7C3}.Release|Any CPU.Build.0 = Release|Any CPU
		{70F142CD-37EC-409A-B2D9-38CA4ADA5B41}.Debug|Any CPU.ActiveCfg = Debug|Any CPU
		{70F142CD-37EC-409A-B2D9-38CA4ADA5B41}.Debug|Any CPU.Build.0 = Debug|Any CPU
		{70F142CD-37EC-409A-B2D9-38CA4ADA5B41}.Release|Any CPU.ActiveCfg = Release|Any CPU
		{70F142CD-37EC-409A-B2D9-38CA4ADA5B41}.Release|Any CPU.Build.0 = Release|Any CPU
		{4D9C6AC2-E38E-4AEA-A2F3-EADB61FE6326}.Debug|Any CPU.ActiveCfg = Debug|Any CPU
		{4D9C6AC2-E38E-4AEA-A2F3-EADB61FE6326}.Debug|Any CPU.Build.0 = Debug|Any CPU
		{4D9C6AC2-E38E-4AEA-A2F3-EADB61FE6326}.Release|Any CPU.ActiveCfg = Release|Any CPU
		{4D9C6AC2-E38E-4AEA-A2F3-EADB61FE6326}.Release|Any CPU.Build.0 = Release|Any CPU
		{C2C6A219-925A-4F5D-B23C-C3800A14FDB0}.Debug|Any CPU.ActiveCfg = Debug|Any CPU
		{C2C6A219-925A-4F5D-B23C-C3800A14FDB0}.Debug|Any CPU.Build.0 = Debug|Any CPU
		{C2C6A219-925A-4F5D-B23C-C3800A14FDB0}.Release|Any CPU.ActiveCfg = Release|Any CPU
		{C2C6A219-925A-4F5D-B23C-C3800A14FDB0}.Release|Any CPU.Build.0 = Release|Any CPU
		{41B4974D-2E8B-47CC-81EF-1C1AD6E1BA02}.Debug|Any CPU.ActiveCfg = Debug|Any CPU
		{41B4974D-2E8B-47CC-81EF-1C1AD6E1BA02}.Debug|Any CPU.Build.0 = Debug|Any CPU
		{41B4974D-2E8B-47CC-81EF-1C1AD6E1BA02}.Release|Any CPU.ActiveCfg = Release|Any CPU
		{41B4974D-2E8B-47CC-81EF-1C1AD6E1BA02}.Release|Any CPU.Build.0 = Release|Any CPU
		{B8F4ADE1-BF1F-4A08-A638-AFAA6EB9FFD7}.Debug|Any CPU.ActiveCfg = Debug|Any CPU
		{B8F4ADE1-BF1F-4A08-A638-AFAA6EB9FFD7}.Debug|Any CPU.Build.0 = Debug|Any CPU
		{B8F4ADE1-BF1F-4A08-A638-AFAA6EB9FFD7}.Release|Any CPU.ActiveCfg = Release|Any CPU
		{B8F4ADE1-BF1F-4A08-A638-AFAA6EB9FFD7}.Release|Any CPU.Build.0 = Release|Any CPU
		{D216A123-7232-4710-9FBC-599BEC22EEE9}.Debug|Any CPU.ActiveCfg = Debug|Any CPU
		{D216A123-7232-4710-9FBC-599BEC22EEE9}.Debug|Any CPU.Build.0 = Debug|Any CPU
		{D216A123-7232-4710-9FBC-599BEC22EEE9}.Release|Any CPU.ActiveCfg = Release|Any CPU
		{D216A123-7232-4710-9FBC-599BEC22EEE9}.Release|Any CPU.Build.0 = Release|Any CPU
		{BA2A457C-605C-497C-8963-6FA6B5156F79}.Debug|Any CPU.ActiveCfg = Debug|Any CPU
		{BA2A457C-605C-497C-8963-6FA6B5156F79}.Debug|Any CPU.Build.0 = Debug|Any CPU
		{BA2A457C-605C-497C-8963-6FA6B5156F79}.Release|Any CPU.ActiveCfg = Release|Any CPU
		{BA2A457C-605C-497C-8963-6FA6B5156F79}.Release|Any CPU.Build.0 = Release|Any CPU
		{308C13B8-7523-459D-BF66-E0D0E4973027}.Debug|Any CPU.ActiveCfg = Debug|Any CPU
		{308C13B8-7523-459D-BF66-E0D0E4973027}.Debug|Any CPU.Build.0 = Debug|Any CPU
		{308C13B8-7523-459D-BF66-E0D0E4973027}.Release|Any CPU.ActiveCfg = Release|Any CPU
		{308C13B8-7523-459D-BF66-E0D0E4973027}.Release|Any CPU.Build.0 = Release|Any CPU
		{835FEFB1-AEE3-42A9-A978-8528A58DEC4C}.Debug|Any CPU.ActiveCfg = Debug|Any CPU
		{835FEFB1-AEE3-42A9-A978-8528A58DEC4C}.Debug|Any CPU.Build.0 = Debug|Any CPU
		{835FEFB1-AEE3-42A9-A978-8528A58DEC4C}.Release|Any CPU.ActiveCfg = Release|Any CPU
		{835FEFB1-AEE3-42A9-A978-8528A58DEC4C}.Release|Any CPU.Build.0 = Release|Any CPU
		{BCE49B5F-C320-46BC-9FA3-1721E9DD6CA7}.Debug|Any CPU.ActiveCfg = Debug|Any CPU
		{BCE49B5F-C320-46BC-9FA3-1721E9DD6CA7}.Debug|Any CPU.Build.0 = Debug|Any CPU
		{BCE49B5F-C320-46BC-9FA3-1721E9DD6CA7}.Release|Any CPU.ActiveCfg = Release|Any CPU
		{BCE49B5F-C320-46BC-9FA3-1721E9DD6CA7}.Release|Any CPU.Build.0 = Release|Any CPU
		{52F0950C-9C29-4989-BE3B-F5AD7F30A0C8}.Debug|Any CPU.ActiveCfg = Debug|Any CPU
		{52F0950C-9C29-4989-BE3B-F5AD7F30A0C8}.Debug|Any CPU.Build.0 = Debug|Any CPU
		{52F0950C-9C29-4989-BE3B-F5AD7F30A0C8}.Release|Any CPU.ActiveCfg = Release|Any CPU
		{52F0950C-9C29-4989-BE3B-F5AD7F30A0C8}.Release|Any CPU.Build.0 = Release|Any CPU
		{EA1548C8-CB15-4919-9E9A-329F06941161}.Debug|Any CPU.ActiveCfg = Debug|Any CPU
		{EA1548C8-CB15-4919-9E9A-329F06941161}.Debug|Any CPU.Build.0 = Debug|Any CPU
		{EA1548C8-CB15-4919-9E9A-329F06941161}.Release|Any CPU.ActiveCfg = Release|Any CPU
		{EA1548C8-CB15-4919-9E9A-329F06941161}.Release|Any CPU.Build.0 = Release|Any CPU
		{0580AE5E-A720-486F-926E-7197E586488D}.Debug|Any CPU.ActiveCfg = Debug|Any CPU
		{0580AE5E-A720-486F-926E-7197E586488D}.Debug|Any CPU.Build.0 = Debug|Any CPU
		{0580AE5E-A720-486F-926E-7197E586488D}.Release|Any CPU.ActiveCfg = Release|Any CPU
		{0580AE5E-A720-486F-926E-7197E586488D}.Release|Any CPU.Build.0 = Release|Any CPU
		{42F731FD-9BCA-4449-9B78-018E82F53CF5}.Debug|Any CPU.ActiveCfg = Debug|Any CPU
		{42F731FD-9BCA-4449-9B78-018E82F53CF5}.Debug|Any CPU.Build.0 = Debug|Any CPU
		{42F731FD-9BCA-4449-9B78-018E82F53CF5}.Release|Any CPU.ActiveCfg = Release|Any CPU
		{42F731FD-9BCA-4449-9B78-018E82F53CF5}.Release|Any CPU.Build.0 = Release|Any CPU
		{E7D3CD09-BABB-4670-A5A7-393714D0FDF1}.Debug|Any CPU.ActiveCfg = Debug|Any CPU
		{E7D3CD09-BABB-4670-A5A7-393714D0FDF1}.Debug|Any CPU.Build.0 = Debug|Any CPU
		{E7D3CD09-BABB-4670-A5A7-393714D0FDF1}.Release|Any CPU.ActiveCfg = Release|Any CPU
		{E7D3CD09-BABB-4670-A5A7-393714D0FDF1}.Release|Any CPU.Build.0 = Release|Any CPU
		{37A87F0D-1C3D-41EE-81FF-10C29B48C0D3}.Debug|Any CPU.ActiveCfg = Debug|Any CPU
		{37A87F0D-1C3D-41EE-81FF-10C29B48C0D3}.Debug|Any CPU.Build.0 = Debug|Any CPU
		{37A87F0D-1C3D-41EE-81FF-10C29B48C0D3}.Release|Any CPU.ActiveCfg = Release|Any CPU
		{37A87F0D-1C3D-41EE-81FF-10C29B48C0D3}.Release|Any CPU.Build.0 = Release|Any CPU
	EndGlobalSection
	GlobalSection(NestedProjects) = preSolution
		{C2C6A219-925A-4F5D-B23C-C3800A14FDB0} = {4173EB77-7984-4BCD-9072-B0DF59BFED1D}
		{B8F4ADE1-BF1F-4A08-A638-AFAA6EB9FFD7} = {4173EB77-7984-4BCD-9072-B0DF59BFED1D}
		{0D8C6D3B-C70E-416A-A598-34C5453A31A5} = {4173EB77-7984-4BCD-9072-B0DF59BFED1D}
		{E33FE3AC-AAFB-4E1D-BE69-22433F9E3F82} = {4173EB77-7984-4BCD-9072-B0DF59BFED1D}
		{41B4974D-2E8B-47CC-81EF-1C1AD6E1BA02} = {4173EB77-7984-4BCD-9072-B0DF59BFED1D}
		{D216A123-7232-4710-9FBC-599BEC22EEE9} = {4173EB77-7984-4BCD-9072-B0DF59BFED1D}
		{2253CAE8-F995-4CA8-9592-0E67B1E3CEBB} = {4173EB77-7984-4BCD-9072-B0DF59BFED1D}
		{BA2A457C-605C-497C-8963-6FA6B5156F79} = {4173EB77-7984-4BCD-9072-B0DF59BFED1D}
		{069B9597-2FA4-49B4-9234-09F8F893CE55} = {4173EB77-7984-4BCD-9072-B0DF59BFED1D}
		{F40033A1-68A0-479E-A79E-1F5544B5C708} = {4173EB77-7984-4BCD-9072-B0DF59BFED1D}
		{540E1754-B1F7-44AA-80BB-0DDF24FC3E4B} = {4173EB77-7984-4BCD-9072-B0DF59BFED1D}
		{C951900F-0AAB-49FB-8E91-1B85EE04E2C1} = {4E5E0C03-9283-4985-A1D1-5A340070F9FA}
		{9294F8A8-363F-4F39-B024-905BF1A420C8} = {4E5E0C03-9283-4985-A1D1-5A340070F9FA}
		{E3487FD5-6C2B-4342-B78C-599FDA12D7C3} = {4E5E0C03-9283-4985-A1D1-5A340070F9FA}
		{70F142CD-37EC-409A-B2D9-38CA4ADA5B41} = {4E5E0C03-9283-4985-A1D1-5A340070F9FA}
		{4D9C6AC2-E38E-4AEA-A2F3-EADB61FE6326} = {4E5E0C03-9283-4985-A1D1-5A340070F9FA}
		{308C13B8-7523-459D-BF66-E0D0E4973027} = {9BC498AD-DF5B-4A3F-B616-09C705714982}
		{835FEFB1-AEE3-42A9-A978-8528A58DEC4C} = {9BC498AD-DF5B-4A3F-B616-09C705714982}
		{E3EDB437-E4D9-4C3A-92D1-3C9486FC5A75} = {4E5E0C03-9283-4985-A1D1-5A340070F9FA}
		{BCE49B5F-C320-46BC-9FA3-1721E9DD6CA7} = {E3EDB437-E4D9-4C3A-92D1-3C9486FC5A75}
		{52F0950C-9C29-4989-BE3B-F5AD7F30A0C8} = {E3EDB437-E4D9-4C3A-92D1-3C9486FC5A75}
		{EA1548C8-CB15-4919-9E9A-329F06941161} = {E3EDB437-E4D9-4C3A-92D1-3C9486FC5A75}
		{0580AE5E-A720-486F-926E-7197E586488D} = {E3EDB437-E4D9-4C3A-92D1-3C9486FC5A75}
		{2C801F8B-0A89-4AFD-9151-42D961E5B5DA} = {4E5E0C03-9283-4985-A1D1-5A340070F9FA}
		{42F731FD-9BCA-4449-9B78-018E82F53CF5} = {2C801F8B-0A89-4AFD-9151-42D961E5B5DA}
		{E7D3CD09-BABB-4670-A5A7-393714D0FDF1} = {4E5E0C03-9283-4985-A1D1-5A340070F9FA}
		{37A87F0D-1C3D-41EE-81FF-10C29B48C0D3} = {4173EB77-7984-4BCD-9072-B0DF59BFED1D}
	EndGlobalSection
EndGlobal
